dependencies:
- name: alertmanager
  repository: https://prometheus-community.github.io/helm-charts
  version: 1.7.0
- name: kube-state-metrics
  repository: https://prometheus-community.github.io/helm-charts
  version: 5.15.3
- name: prometheus-node-exporter
  repository: https://prometheus-community.github.io/helm-charts
  version: 4.23.2
- name: prometheus-pushgateway
  repository: https://prometheus-community.github.io/helm-charts
  version: 2.4.2
digest: sha256:a8b26ebd096a4fc056110cb80e68cd74ca4a3c5356054961a498ccf65378c0e3
generated: "2025-01-27T12:36:48.568932-06:00"
